
Microsoft Visual Studio Solution File, Format Version 12.00
# Visual Studio Version 17
VisualStudioVersion = 17.12.35527.113 d17.12
MinimumVisualStudioVersion = 10.0.40219.1
Project("{FAE04EC0-301F-11D3-BF4B-00C04F79EFBC}") = "MvcDynamoDbCoches", "MvcDynamoDbCoches\MvcDynamoDbCoches.csproj", "{73D3466D-0E95-4807-92BD-A2D4E74AA0EE}"
EndProject
Global
	GlobalSection(SolutionConfigurationPlatforms) = preSolution
		Debug|Any CPU = Debug|Any CPU
		Release|Any CPU = Release|Any CPU
	EndGlobalSection
	GlobalSection(ProjectConfigurationPlatforms) = postSolution
		{73D3466D-0E95-4807-92BD-A2D4E74AA0EE}.Debug|Any CPU.ActiveCfg = Debug|Any CPU
		{73D3466D-0E95-4807-92BD-A2D4E74AA0EE}.Debug|Any CPU.Build.0 = Debug|Any CPU
		{73D3466D-0E95-4807-92BD-A2D4E74AA0EE}.Release|Any CPU.ActiveCfg = Release|Any CPU
		{73D3466D-0E95-4807-92BD-A2D4E74AA0EE}.Release|Any CPU.Build.0 = Release|Any CPU
	EndGlobalSection
	GlobalSection(SolutionProperties) = preSolution
		HideSolutionNode = FALSE
	EndGlobalSection
EndGlobal
